
Microsoft Visual Studio Solution File, Format Version 12.00
# Visual Studio Version 17
VisualStudioVersion = 17.9.34728.123
MinimumVisualStudioVersion = 10.0.40219.1
Project("{9A19103F-16F7-4668-BE54-9A1E7A4F7556}") = "tasks_csProject", "tasks_csProject.csproj", "{55735B2F-B848-4FE4-9D21-04B122E296CE}"
EndProject
Project("{9A19103F-16F7-4668-BE54-9A1E7A4F7556}") = "tasks_ASPdotnetAPI", "tasks_ASPdotnetAPI\tasks_ASPdotnetAPI.csproj", "{069476C9-56CF-4BB1-BBFA-7CA6C01D9953}"
EndProject
Project("{FAE04EC0-301F-11D3-BF4B-00C04F79EFBC}") = "tasks_ASPdotnetAPI.Tests", "tasks_ASPdotnetAPI.Tests\tasks_ASPdotnetAPI.Tests.csproj", "{3CBC5B0D-5FF3-4377-8371-7002CAC51AE6}"
EndProject
Global
	GlobalSection(SolutionConfigurationPlatforms) = preSolution
		Debug|Any CPU = Debug|Any CPU
		Release|Any CPU = Release|Any CPU
	EndGlobalSection
	GlobalSection(ProjectConfigurationPlatforms) = postSolution
		{55735B2F-B848-4FE4-9D21-04B122E296CE}.Debug|Any CPU.ActiveCfg = Debug|Any CPU
		{55735B2F-B848-4FE4-9D21-04B122E296CE}.Debug|Any CPU.Build.0 = Debug|Any CPU
		{55735B2F-B848-4FE4-9D21-04B122E296CE}.Release|Any CPU.ActiveCfg = Release|Any CPU
		{55735B2F-B848-4FE4-9D21-04B122E296CE}.Release|Any CPU.Build.0 = Release|Any CPU
		{069476C9-56CF-4BB1-BBFA-7CA6C01D9953}.Debug|Any CPU.ActiveCfg = Debug|Any CPU
		{069476C9-56CF-4BB1-BBFA-7CA6C01D9953}.Debug|Any CPU.Build.0 = Debug|Any CPU
		{069476C9-56CF-4BB1-BBFA-7CA6C01D9953}.Release|Any CPU.ActiveCfg = Release|Any CPU
		{069476C9-56CF-4BB1-BBFA-7CA6C01D9953}.Release|Any CPU.Build.0 = Release|Any CPU
		{3CBC5B0D-5FF3-4377-8371-7002CAC51AE6}.Debug|Any CPU.ActiveCfg = Debug|Any CPU
		{3CBC5B0D-5FF3-4377-8371-7002CAC51AE6}.Debug|Any CPU.Build.0 = Debug|Any CPU
		{3CBC5B0D-5FF3-4377-8371-7002CAC51AE6}.Release|Any CPU.ActiveCfg = Release|Any CPU
		{3CBC5B0D-5FF3-4377-8371-7002CAC51AE6}.Release|Any CPU.Build.0 = Release|Any CPU
	EndGlobalSection
	GlobalSection(SolutionProperties) = preSolution
		HideSolutionNode = FALSE
	EndGlobalSection
	GlobalSection(ExtensibilityGlobals) = postSolution
		SolutionGuid = {6BB7D159-1D19-4465-AF70-D052E4182DCE}
	EndGlobalSection
EndGlobal
